
Microsoft Visual Studio Solution File, Format Version 11.00
# Visual Studio 2010
Project("{2150E333-8FDC-42A3-9474-1A3956D46DE8}") = "src", "src", "{04E3D37A-7216-4D44-8E86-C0888E607505}"
EndProject
Project("{FAE04EC0-301F-11D3-BF4B-00C04F79EFBC}") = "MyWebSite", "MyWebSite\MyWebSite.csproj", "{99E5716E-8D70-4B15-814D-9F5276CF7EE6}"
EndProject
Global
	GlobalSection(SolutionConfigurationPlatforms) = preSolution
		Debug|Any CPU = Debug|Any CPU
		Release|Any CPU = Release|Any CPU
	EndGlobalSection
	GlobalSection(ProjectConfigurationPlatforms) = postSolution
		{99E5716E-8D70-4B15-814D-9F5276CF7EE6}.Debug|Any CPU.ActiveCfg = Debug|Any CPU
		{99E5716E-8D70-4B15-814D-9F5276CF7EE6}.Debug|Any CPU.Build.0 = Debug|Any CPU
		{99E5716E-8D70-4B15-814D-9F5276CF7EE6}.Release|Any CPU.ActiveCfg = Release|Any CPU
		{99E5716E-8D70-4B15-814D-9F5276CF7EE6}.Release|Any CPU.Build.0 = Release|Any CPU
	EndGlobalSection
	GlobalSection(SolutionProperties) = preSolution
		HideSolutionNode = FALSE
	EndGlobalSection
	GlobalSection(NestedProjects) = preSolution
		{99E5716E-8D70-4B15-814D-9F5276CF7EE6} = {04E3D37A-7216-4D44-8E86-C0888E607505}
	EndGlobalSection
EndGlobal
